
Microsoft Visual Studio Solution File, Format Version 12.00
# Visual Studio Version 16
VisualStudioVersion = 16.0.32428.217
MinimumVisualStudioVersion = 10.0.40219.1
Project("{FAE04EC0-301F-11D3-BF4B-00C04F79EFBC}") = "IFFWpfApp2.0", "IFFWpfApp2.0\IFFWpfApp2.0.csproj", "{8237B551-6642-48DF-86F8-030332728369}"
EndProject
Global
	GlobalSection(SolutionConfigurationPlatforms) = preSolution
		Debug|Any CPU = Debug|Any CPU
		Release|Any CPU = Release|Any CPU
	EndGlobalSection
	GlobalSection(ProjectConfigurationPlatforms) = postSolution
		{8237B551-6642-48DF-86F8-030332728369}.Debug|Any CPU.ActiveCfg = Debug|Any CPU
		{8237B551-6642-48DF-86F8-030332728369}.Debug|Any CPU.Build.0 = Debug|Any CPU
		{8237B551-6642-48DF-86F8-030332728369}.Release|Any CPU.ActiveCfg = Release|Any CPU
		{8237B551-6642-48DF-86F8-030332728369}.Release|Any CPU.Build.0 = Release|Any CPU
	EndGlobalSection
	GlobalSection(SolutionProperties) = preSolution
		HideSolutionNode = FALSE
	EndGlobalSection
	GlobalSection(ExtensibilityGlobals) = postSolution
		SolutionGuid = {0AB2D744-93BC-484B-B836-84308575F753}
	EndGlobalSection
EndGlobal
